
Microsoft Visual Studio Solution File, Format Version 12.00
# Visual Studio Version 17
VisualStudioVersion = 17.6.33815.320
MinimumVisualStudioVersion = 10.0.40219.1
Project("{9A19103F-16F7-4668-BE54-9A1E7A4F7556}") = "PZ_01", "PZ_01\PZ_01.csproj", "{10087431-A932-4D80-B6C9-4602D91276A3}"
EndProject
Project("{9A19103F-16F7-4668-BE54-9A1E7A4F7556}") = "PZ_02", "PZ_02\PZ_02.csproj", "{7FBF7896-D4D6-4394-91E3-DAC0A34CDC59}"
EndProject
Project("{9A19103F-16F7-4668-BE54-9A1E7A4F7556}") = "PZ_03", "PZ_03\PZ_03.csproj", "{9FB6CE68-FEBD-40C9-8D88-1198B08F4199}"
EndProject
Project("{9A19103F-16F7-4668-BE54-9A1E7A4F7556}") = "PZ_04", "PZ_04\PZ_04.csproj", "{8CE037E1-2E2F-46C1-BD33-EAC3593637E2}"
EndProject
Project("{9A19103F-16F7-4668-BE54-9A1E7A4F7556}") = "PZ_05", "PZ_05\PZ_05.csproj", "{E30483F8-76A0-4279-860D-E50D522F12F6}"
EndProject
Project("{9A19103F-16F7-4668-BE54-9A1E7A4F7556}") = "PZ_06", "PZ_06\PZ_06.csproj", "{C80C8525-7642-45A4-8C72-44E75146848B}"
EndProject
Project("{FAE04EC0-301F-11D3-BF4B-00C04F79EFBC}") = "PZ_07", "PZ_07\PZ_07.csproj", "{872887DA-0FE4-4132-B99C-AFFC1A4D7919}"
EndProject
Global
	GlobalSection(SolutionConfigurationPlatforms) = preSolution
		Debug|Any CPU = Debug|Any CPU
		Release|Any CPU = Release|Any CPU
	EndGlobalSection
	GlobalSection(ProjectConfigurationPlatforms) = postSolution
		{10087431-A932-4D80-B6C9-4602D91276A3}.Debug|Any CPU.ActiveCfg = Debug|Any CPU
		{10087431-A932-4D80-B6C9-4602D91276A3}.Debug|Any CPU.Build.0 = Debug|Any CPU
		{10087431-A932-4D80-B6C9-4602D91276A3}.Release|Any CPU.ActiveCfg = Release|Any CPU
		{10087431-A932-4D80-B6C9-4602D91276A3}.Release|Any CPU.Build.0 = Release|Any CPU
		{7FBF7896-D4D6-4394-91E3-DAC0A34CDC59}.Debug|Any CPU.ActiveCfg = Debug|Any CPU
		{7FBF7896-D4D6-4394-91E3-DAC0A34CDC59}.Debug|Any CPU.Build.0 = Debug|Any CPU
		{7FBF7896-D4D6-4394-91E3-DAC0A34CDC59}.Release|Any CPU.ActiveCfg = Release|Any CPU
		{7FBF7896-D4D6-4394-91E3-DAC0A34CDC59}.Release|Any CPU.Build.0 = Release|Any CPU
		{9FB6CE68-FEBD-40C9-8D88-1198B08F4199}.Debug|Any CPU.ActiveCfg = Debug|Any CPU
		{9FB6CE68-FEBD-40C9-8D88-1198B08F4199}.Debug|Any CPU.Build.0 = Debug|Any CPU
		{9FB6CE68-FEBD-40C9-8D88-1198B08F4199}.Release|Any CPU.ActiveCfg = Release|Any CPU
		{9FB6CE68-FEBD-40C9-8D88-1198B08F4199}.Release|Any CPU.Build.0 = Release|Any CPU
		{8CE037E1-2E2F-46C1-BD33-EAC3593637E2}.Debug|Any CPU.ActiveCfg = Debug|Any CPU
		{8CE037E1-2E2F-46C1-BD33-EAC3593637E2}.Debug|Any CPU.Build.0 = Debug|Any CPU
		{8CE037E1-2E2F-46C1-BD33-EAC3593637E2}.Release|Any CPU.ActiveCfg = Release|Any CPU
		{8CE037E1-2E2F-46C1-BD33-EAC3593637E2}.Release|Any CPU.Build.0 = Release|Any CPU
		{E30483F8-76A0-4279-860D-E50D522F12F6}.Debug|Any CPU.ActiveCfg = Debug|Any CPU
		{E30483F8-76A0-4279-860D-E50D522F12F6}.Debug|Any CPU.Build.0 = Debug|Any CPU
		{E30483F8-76A0-4279-860D-E50D522F12F6}.Release|Any CPU.ActiveCfg = Release|Any CPU
		{E30483F8-76A0-4279-860D-E50D522F12F6}.Release|Any CPU.Build.0 = Release|Any CPU
		{C80C8525-7642-45A4-8C72-44E75146848B}.Debug|Any CPU.ActiveCfg = Debug|Any CPU
		{C80C8525-7642-45A4-8C72-44E75146848B}.Debug|Any CPU.Build.0 = Debug|Any CPU
		{C80C8525-7642-45A4-8C72-44E75146848B}.Release|Any CPU.ActiveCfg = Release|Any CPU
		{C80C8525-7642-45A4-8C72-44E75146848B}.Release|Any CPU.Build.0 = Release|Any CPU
		{872887DA-0FE4-4132-B99C-AFFC1A4D7919}.Debug|Any CPU.ActiveCfg = Debug|Any CPU
		{872887DA-0FE4-4132-B99C-AFFC1A4D7919}.Debug|Any CPU.Build.0 = Debug|Any CPU
		{872887DA-0FE4-4132-B99C-AFFC1A4D7919}.Release|Any CPU.ActiveCfg = Release|Any CPU
		{872887DA-0FE4-4132-B99C-AFFC1A4D7919}.Release|Any CPU.Build.0 = Release|Any CPU
	EndGlobalSection
	GlobalSection(SolutionProperties) = preSolution
		HideSolutionNode = FALSE
	EndGlobalSection
	GlobalSection(ExtensibilityGlobals) = postSolution
		SolutionGuid = {1551E377-C2DF-4B19-B766-94EB33C42F5C}
	EndGlobalSection
EndGlobal
