
Microsoft Visual Studio Solution File, Format Version 12.00
# Visual Studio Version 17
VisualStudioVersion = 17.6.33815.320
MinimumVisualStudioVersion = 10.0.40219.1
Project("{FAE04EC0-301F-11D3-BF4B-00C04F79EFBC}") = "PZ_01", "PZ_01\PZ_01.csproj", "{10087431-A932-4D80-B6C9-4602D91276A3}"
EndProject
Global
	GlobalSection(SolutionConfigurationPlatforms) = preSolution
		Debug|Any CPU = Debug|Any CPU
		Release|Any CPU = Release|Any CPU
	EndGlobalSection
	GlobalSection(ProjectConfigurationPlatforms) = postSolution
		{10087431-A932-4D80-B6C9-4602D91276A3}.Debug|Any CPU.ActiveCfg = Debug|Any CPU
		{10087431-A932-4D80-B6C9-4602D91276A3}.Debug|Any CPU.Build.0 = Debug|Any CPU
		{10087431-A932-4D80-B6C9-4602D91276A3}.Release|Any CPU.ActiveCfg = Release|Any CPU
		{10087431-A932-4D80-B6C9-4602D91276A3}.Release|Any CPU.Build.0 = Release|Any CPU
	EndGlobalSection
	GlobalSection(SolutionProperties) = preSolution
		HideSolutionNode = FALSE
	EndGlobalSection
	GlobalSection(ExtensibilityGlobals) = postSolution
		SolutionGuid = {1551E377-C2DF-4B19-B766-94EB33C42F5C}
	EndGlobalSection
EndGlobal
